// !$*UTF8*$!
{
	archiveVersion = 1;
	classes = {
	};
	objectVersion = 56;
	objects = {

/* Begin PBXBuildFile section */
		6F00F3412A483245006CE7FF /* DetailsViewController.swift in Sources */ = {isa = PBXBuildFile; fileRef = 6F00F3402A483245006CE7FF /* DetailsViewController.swift */; };
		6F00F3432A483250006CE7FF /* DetailsViewModel.swift in Sources */ = {isa = PBXBuildFile; fileRef = 6F00F3422A483250006CE7FF /* DetailsViewModel.swift */; };
		6F00F3452A4834D6006CE7FF /* StoryBoardHelper.swift in Sources */ = {isa = PBXBuildFile; fileRef = 6F00F3442A4834D6006CE7FF /* StoryBoardHelper.swift */; };
		6F00F3482A483F5B006CE7FF /* Entity+CoreDataClass.swift in Sources */ = {isa = PBXBuildFile; fileRef = 6F00F3462A483F5B006CE7FF /* Entity+CoreDataClass.swift */; };
		6F00F3492A483F5B006CE7FF /* Entity+CoreDataProperties.swift in Sources */ = {isa = PBXBuildFile; fileRef = 6F00F3472A483F5B006CE7FF /* Entity+CoreDataProperties.swift */; };
		6F070F902A48118B00C9155E /* picturescache.xcdatamodeld in Sources */ = {isa = PBXBuildFile; fileRef = 6F070F8E2A48118B00C9155E /* picturescache.xcdatamodeld */; };
		6F2C5F962A46B3C60066E813 /* AppDelegate.swift in Sources */ = {isa = PBXBuildFile; fileRef = 6F2C5F952A46B3C60066E813 /* AppDelegate.swift */; };
		6F2C5F982A46B3C60066E813 /* SceneDelegate.swift in Sources */ = {isa = PBXBuildFile; fileRef = 6F2C5F972A46B3C60066E813 /* SceneDelegate.swift */; };
		6F2C5F9A2A46B3C60066E813 /* HomeViewController.swift in Sources */ = {isa = PBXBuildFile; fileRef = 6F2C5F992A46B3C60066E813 /* HomeViewController.swift */; };
		6F2C5F9D2A46B3C60066E813 /* Main.storyboard in Resources */ = {isa = PBXBuildFile; fileRef = 6F2C5F9B2A46B3C60066E813 /* Main.storyboard */; };
		6F2C5FA22A46B3C70066E813 /* Assets.xcassets in Resources */ = {isa = PBXBuildFile; fileRef = 6F2C5FA12A46B3C70066E813 /* Assets.xcassets */; };
		6F2C5FA52A46B3C70066E813 /* LaunchScreen.storyboard in Resources */ = {isa = PBXBuildFile; fileRef = 6F2C5FA32A46B3C70066E813 /* LaunchScreen.storyboard */; };
		6F2C5FB02A46B3C70066E813 /* moviedbTests.swift in Sources */ = {isa = PBXBuildFile; fileRef = 6F2C5FAF2A46B3C70066E813 /* moviedbTests.swift */; };
		6F2C5FBA2A46B3C70066E813 /* moviedbUITests.swift in Sources */ = {isa = PBXBuildFile; fileRef = 6F2C5FB92A46B3C70066E813 /* moviedbUITests.swift */; };
		6F2C5FBC2A46B3C70066E813 /* moviedbUITestsLaunchTests.swift in Sources */ = {isa = PBXBuildFile; fileRef = 6F2C5FBB2A46B3C70066E813 /* moviedbUITestsLaunchTests.swift */; };
		6F2C5FD12A46B6B60066E813 /* APIManager.swift in Sources */ = {isa = PBXBuildFile; fileRef = 6F2C5FD02A46B6B60066E813 /* APIManager.swift */; };
		6F2C5FD52A46B7440066E813 /* EndPoints.swift in Sources */ = {isa = PBXBuildFile; fileRef = 6F2C5FD42A46B7440066E813 /* EndPoints.swift */; };
		6F2C5FD72A46B7790066E813 /* CustomErrors.swift in Sources */ = {isa = PBXBuildFile; fileRef = 6F2C5FD62A46B7790066E813 /* CustomErrors.swift */; };
		6F2C5FDA2A46BEC90066E813 /* Kingfisher in Frameworks */ = {isa = PBXBuildFile; productRef = 6F2C5FD92A46BEC90066E813 /* Kingfisher */; };
		6F2C5FDD2A46BEFC0066E813 /* UIImageView+Extension.swift in Sources */ = {isa = PBXBuildFile; fileRef = 6F2C5FDC2A46BEFC0066E813 /* UIImageView+Extension.swift */; };
		6F2C5FE02A46C15A0066E813 /* Photos.swift in Sources */ = {isa = PBXBuildFile; fileRef = 6F2C5FDF2A46C15A0066E813 /* Photos.swift */; };
		6F2C5FE62A46C2C40066E813 /* PhotosEndPoints.swift in Sources */ = {isa = PBXBuildFile; fileRef = 6F2C5FE52A46C2C40066E813 /* PhotosEndPoints.swift */; };
		6F2C5FE82A46C2D20066E813 /* PhotosRestManager.swift in Sources */ = {isa = PBXBuildFile; fileRef = 6F2C5FE72A46C2D20066E813 /* PhotosRestManager.swift */; };
		6F2C5FEB2A46C3AD0066E813 /* Observable.swift in Sources */ = {isa = PBXBuildFile; fileRef = 6F2C5FEA2A46C3AD0066E813 /* Observable.swift */; };
		6F2C5FEE2A46C5860066E813 /* Keys.plist in Resources */ = {isa = PBXBuildFile; fileRef = 6F2C5FED2A46C5860066E813 /* Keys.plist */; };
		6F2C5FF02A46C59B0066E813 /* Keys+URL_Manager.swift in Sources */ = {isa = PBXBuildFile; fileRef = 6F2C5FEF2A46C59B0066E813 /* Keys+URL_Manager.swift */; };
		6F2C5FF22A46C5A70066E813 /* URLs.plist in Resources */ = {isa = PBXBuildFile; fileRef = 6F2C5FF12A46C5A70066E813 /* URLs.plist */; };
		6F2C5FFA2A46E8BD0066E813 /* CURDManager.swift in Sources */ = {isa = PBXBuildFile; fileRef = 6F2C5FF92A46E8BD0066E813 /* CURDManager.swift */; };
		6FCEC38A2A4736D0005F06AA /* HomeViewModel.swift in Sources */ = {isa = PBXBuildFile; fileRef = 6FCEC3892A4736D0005F06AA /* HomeViewModel.swift */; };
		6FCEC3902A473A7F005F06AA /* PhotoCollectionViewCell.swift in Sources */ = {isa = PBXBuildFile; fileRef = 6FCEC38E2A473A7F005F06AA /* PhotoCollectionViewCell.swift */; };
/* End PBXBuildFile section */

/* Begin PBXContainerItemProxy section */
		6F2C5FAC2A46B3C70066E813 /* PBXContainerItemProxy */ = {
			isa = PBXContainerItemProxy;
			containerPortal = 6F2C5F8A2A46B3C60066E813 /* Project object */;
			proxyType = 1;
			remoteGlobalIDString = 6F2C5F912A46B3C60066E813;
			remoteInfo = moviedb;
		};
		6F2C5FB62A46B3C70066E813 /* PBXContainerItemProxy */ = {
			isa = PBXContainerItemProxy;
			containerPortal = 6F2C5F8A2A46B3C60066E813 /* Project object */;
			proxyType = 1;
			remoteGlobalIDString = 6F2C5F912A46B3C60066E813;
			remoteInfo = moviedb;
		};
/* End PBXContainerItemProxy section */

/* Begin PBXFileReference section */
		6F00F3402A483245006CE7FF /* DetailsViewController.swift */ = {isa = PBXFileReference; lastKnownFileType = sourcecode.swift; path = DetailsViewController.swift; sourceTree = "<group>"; };
		6F00F3422A483250006CE7FF /* DetailsViewModel.swift */ = {isa = PBXFileReference; lastKnownFileType = sourcecode.swift; path = DetailsViewModel.swift; sourceTree = "<group>"; };
		6F00F3442A4834D6006CE7FF /* StoryBoardHelper.swift */ = {isa = PBXFileReference; lastKnownFileType = sourcecode.swift; path = StoryBoardHelper.swift; sourceTree = "<group>"; };
		6F00F3462A483F5B006CE7FF /* Entity+CoreDataClass.swift */ = {isa = PBXFileReference; fileEncoding = 4; lastKnownFileType = sourcecode.swift; path = "Entity+CoreDataClass.swift"; sourceTree = "<group>"; };
		6F00F3472A483F5B006CE7FF /* Entity+CoreDataProperties.swift */ = {isa = PBXFileReference; fileEncoding = 4; lastKnownFileType = sourcecode.swift; path = "Entity+CoreDataProperties.swift"; sourceTree = "<group>"; };
		6F070F8F2A48118B00C9155E /* Model.xcdatamodel */ = {isa = PBXFileReference; lastKnownFileType = wrapper.xcdatamodel; path = Model.xcdatamodel; sourceTree = "<group>"; };
		6F2C5F922A46B3C60066E813 /* interviewTestApp.app */ = {isa = PBXFileReference; explicitFileType = wrapper.application; includeInIndex = 0; path = interviewTestApp.app; sourceTree = BUILT_PRODUCTS_DIR; };
		6F2C5F952A46B3C60066E813 /* AppDelegate.swift */ = {isa = PBXFileReference; lastKnownFileType = sourcecode.swift; path = AppDelegate.swift; sourceTree = "<group>"; };
		6F2C5F972A46B3C60066E813 /* SceneDelegate.swift */ = {isa = PBXFileReference; lastKnownFileType = sourcecode.swift; path = SceneDelegate.swift; sourceTree = "<group>"; };
		6F2C5F992A46B3C60066E813 /* HomeViewController.swift */ = {isa = PBXFileReference; lastKnownFileType = sourcecode.swift; path = HomeViewController.swift; sourceTree = "<group>"; };
		6F2C5F9C2A46B3C60066E813 /* Base */ = {isa = PBXFileReference; lastKnownFileType = file.storyboard; name = Base; path = Base.lproj/Main.storyboard; sourceTree = "<group>"; };
		6F2C5FA12A46B3C70066E813 /* Assets.xcassets */ = {isa = PBXFileReference; lastKnownFileType = folder.assetcatalog; path = Assets.xcassets; sourceTree = "<group>"; };
		6F2C5FA42A46B3C70066E813 /* Base */ = {isa = PBXFileReference; lastKnownFileType = file.storyboard; name = Base; path = Base.lproj/LaunchScreen.storyboard; sourceTree = "<group>"; };
		6F2C5FA62A46B3C70066E813 /* Info.plist */ = {isa = PBXFileReference; lastKnownFileType = text.plist.xml; path = Info.plist; sourceTree = "<group>"; };
		6F2C5FAB2A46B3C70066E813 /* interviewTestAppTests.xctest */ = {isa = PBXFileReference; explicitFileType = wrapper.cfbundle; includeInIndex = 0; path = interviewTestAppTests.xctest; sourceTree = BUILT_PRODUCTS_DIR; };
		6F2C5FAF2A46B3C70066E813 /* moviedbTests.swift */ = {isa = PBXFileReference; lastKnownFileType = sourcecode.swift; path = moviedbTests.swift; sourceTree = "<group>"; };
		6F2C5FB52A46B3C70066E813 /* interviewTestAppUITests.xctest */ = {isa = PBXFileReference; explicitFileType = wrapper.cfbundle; includeInIndex = 0; path = interviewTestAppUITests.xctest; sourceTree = BUILT_PRODUCTS_DIR; };
		6F2C5FB92A46B3C70066E813 /* moviedbUITests.swift */ = {isa = PBXFileReference; lastKnownFileType = sourcecode.swift; path = moviedbUITests.swift; sourceTree = "<group>"; };
		6F2C5FBB2A46B3C70066E813 /* moviedbUITestsLaunchTests.swift */ = {isa = PBXFileReference; lastKnownFileType = sourcecode.swift; path = moviedbUITestsLaunchTests.swift; sourceTree = "<group>"; };
		6F2C5FD02A46B6B60066E813 /* APIManager.swift */ = {isa = PBXFileReference; lastKnownFileType = sourcecode.swift; path = APIManager.swift; sourceTree = "<group>"; };
		6F2C5FD42A46B7440066E813 /* EndPoints.swift */ = {isa = PBXFileReference; lastKnownFileType = sourcecode.swift; path = EndPoints.swift; sourceTree = "<group>"; };
		6F2C5FD62A46B7790066E813 /* CustomErrors.swift */ = {isa = PBXFileReference; lastKnownFileType = sourcecode.swift; path = CustomErrors.swift; sourceTree = "<group>"; };
		6F2C5FDC2A46BEFC0066E813 /* UIImageView+Extension.swift */ = {isa = PBXFileReference; lastKnownFileType = sourcecode.swift; path = "UIImageView+Extension.swift"; sourceTree = "<group>"; };
		6F2C5FDF2A46C15A0066E813 /* Photos.swift */ = {isa = PBXFileReference; lastKnownFileType = sourcecode.swift; path = Photos.swift; sourceTree = "<group>"; };
		6F2C5FE52A46C2C40066E813 /* PhotosEndPoints.swift */ = {isa = PBXFileReference; lastKnownFileType = sourcecode.swift; path = PhotosEndPoints.swift; sourceTree = "<group>"; };
		6F2C5FE72A46C2D20066E813 /* PhotosRestManager.swift */ = {isa = PBXFileReference; lastKnownFileType = sourcecode.swift; path = PhotosRestManager.swift; sourceTree = "<group>"; };
		6F2C5FEA2A46C3AD0066E813 /* Observable.swift */ = {isa = PBXFileReference; lastKnownFileType = sourcecode.swift; path = Observable.swift; sourceTree = "<group>"; };
		6F2C5FED2A46C5860066E813 /* Keys.plist */ = {isa = PBXFileReference; lastKnownFileType = text.plist.xml; path = Keys.plist; sourceTree = "<group>"; };
		6F2C5FEF2A46C59B0066E813 /* Keys+URL_Manager.swift */ = {isa = PBXFileReference; lastKnownFileType = sourcecode.swift; path = "Keys+URL_Manager.swift"; sourceTree = "<group>"; };
		6F2C5FF12A46C5A70066E813 /* URLs.plist */ = {isa = PBXFileReference; lastKnownFileType = text.plist.xml; path = URLs.plist; sourceTree = "<group>"; };
		6F2C5FF92A46E8BD0066E813 /* CURDManager.swift */ = {isa = PBXFileReference; lastKnownFileType = sourcecode.swift; path = CURDManager.swift; sourceTree = "<group>"; };
		6FCEC3892A4736D0005F06AA /* HomeViewModel.swift */ = {isa = PBXFileReference; lastKnownFileType = sourcecode.swift; path = HomeViewModel.swift; sourceTree = "<group>"; };
		6FCEC38E2A473A7F005F06AA /* PhotoCollectionViewCell.swift */ = {isa = PBXFileReference; lastKnownFileType = sourcecode.swift; path = PhotoCollectionViewCell.swift; sourceTree = "<group>"; };
/* End PBXFileReference section */

/* Begin PBXFrameworksBuildPhase section */
		6F2C5F8F2A46B3C60066E813 /* Frameworks */ = {
			isa = PBXFrameworksBuildPhase;
			buildActionMask = 2147483647;
			files = (
				6F2C5FDA2A46BEC90066E813 /* Kingfisher in Frameworks */,
			);
			runOnlyForDeploymentPostprocessing = 0;
		};
		6F2C5FA82A46B3C70066E813 /* Frameworks */ = {
			isa = PBXFrameworksBuildPhase;
			buildActionMask = 2147483647;
			files = (
			);
			runOnlyForDeploymentPostprocessing = 0;
		};
		6F2C5FB22A46B3C70066E813 /* Frameworks */ = {
			isa = PBXFrameworksBuildPhase;
			buildActionMask = 2147483647;
			files = (
			);
			runOnlyForDeploymentPostprocessing = 0;
		};
/* End PBXFrameworksBuildPhase section */

/* Begin PBXGroup section */
		6F00F33F2A483227006CE7FF /* Details */ = {
			isa = PBXGroup;
			children = (
				6F00F3402A483245006CE7FF /* DetailsViewController.swift */,
				6F00F3422A483250006CE7FF /* DetailsViewModel.swift */,
			);
			path = Details;
			sourceTree = "<group>";
		};
		6F2C5F892A46B3C60066E813 = {
			isa = PBXGroup;
			children = (
				6F2C5F942A46B3C60066E813 /* interviewTestApp */,
				6F2C5FAE2A46B3C70066E813 /* moviedbTests */,
				6F2C5FB82A46B3C70066E813 /* moviedbUITests */,
				6F2C5F932A46B3C60066E813 /* Products */,
			);
			sourceTree = "<group>";
		};
		6F2C5F932A46B3C60066E813 /* Products */ = {
			isa = PBXGroup;
			children = (
				6F2C5F922A46B3C60066E813 /* interviewTestApp.app */,
				6F2C5FAB2A46B3C70066E813 /* interviewTestAppTests.xctest */,
				6F2C5FB52A46B3C70066E813 /* interviewTestAppUITests.xctest */,
			);
			name = Products;
			sourceTree = "<group>";
		};
		6F2C5F942A46B3C60066E813 /* interviewTestApp */ = {
			isa = PBXGroup;
			children = (
				6F2C5FCF2A46B6620066E813 /* Constants */,
				6F2C5FCE2A46B48A0066E813 /* Resources */,
				6F2C5FCD2A46B47B0066E813 /* Service */,
				6F2C5FCC2A46B46B0066E813 /* Core */,
				6F2C5FE32A46C2780066E813 /* Managers */,
				6F2C5FCB2A46B4560066E813 /* Untils */,
				6F2C5FCA2A46B4470066E813 /* Models */,
				6F2C5FC92A46B4360066E813 /* Views */,
				6F2C5FC82A46B4110066E813 /* ViewControllers */,
			);
			path = interviewTestApp;
			sourceTree = "<group>";
		};
		6F2C5FAE2A46B3C70066E813 /* moviedbTests */ = {
			isa = PBXGroup;
			children = (
				6F2C5FAF2A46B3C70066E813 /* moviedbTests.swift */,
			);
			path = moviedbTests;
			sourceTree = "<group>";
		};
		6F2C5FB82A46B3C70066E813 /* moviedbUITests */ = {
			isa = PBXGroup;
			children = (
				6F2C5FB92A46B3C70066E813 /* moviedbUITests.swift */,
				6F2C5FBB2A46B3C70066E813 /* moviedbUITestsLaunchTests.swift */,
			);
			path = moviedbUITests;
			sourceTree = "<group>";
		};
		6F2C5FC82A46B4110066E813 /* ViewControllers */ = {
			isa = PBXGroup;
			children = (
				6F00F33F2A483227006CE7FF /* Details */,
				6F2C5FDE2A46BF9C0066E813 /* Home */,
			);
			path = ViewControllers;
			sourceTree = "<group>";
		};
		6F2C5FC92A46B4360066E813 /* Views */ = {
			isa = PBXGroup;
			children = (
				6FCEC38B2A473A3B005F06AA /* Cells */,
				6F2C5F9B2A46B3C60066E813 /* Main.storyboard */,
				6F2C5FA32A46B3C70066E813 /* LaunchScreen.storyboard */,
			);
			path = Views;
			sourceTree = "<group>";
		};
		6F2C5FCA2A46B4470066E813 /* Models */ = {
			isa = PBXGroup;
			children = (
				6FBEA9B12A48033800A446C7 /* CoreDataModels */,
				6F2C5FDF2A46C15A0066E813 /* Photos.swift */,
			);
			path = Models;
			sourceTree = "<group>";
		};
		6F2C5FCB2A46B4560066E813 /* Untils */ = {
			isa = PBXGroup;
			children = (
				6F2C5FEC2A46C5720066E813 /* URL+Keys */,
				6F2C5FE92A46C3A10066E813 /* Helper */,
				6F2C5FDB2A46BEF20066E813 /* Extentions */,
				6F2C5FD42A46B7440066E813 /* EndPoints.swift */,
				6F2C5FD62A46B7790066E813 /* CustomErrors.swift */,
			);
			path = Untils;
			sourceTree = "<group>";
		};
		6F2C5FCC2A46B46B0066E813 /* Core */ = {
			isa = PBXGroup;
			children = (
				6F2C5F972A46B3C60066E813 /* SceneDelegate.swift */,
				6F2C5F952A46B3C60066E813 /* AppDelegate.swift */,
			);
			path = Core;
			sourceTree = "<group>";
		};
		6F2C5FCD2A46B47B0066E813 /* Service */ = {
			isa = PBXGroup;
			children = (
				6F2C5FE22A46C23D0066E813 /* CoreData */,
				6F2C5FD22A46B71A0066E813 /* Network */,
			);
			path = Service;
			sourceTree = "<group>";
		};
		6F2C5FCE2A46B48A0066E813 /* Resources */ = {
			isa = PBXGroup;
			children = (
				6F2C5FA62A46B3C70066E813 /* Info.plist */,
				6F2C5FA12A46B3C70066E813 /* Assets.xcassets */,
			);
			path = Resources;
			sourceTree = "<group>";
		};
		6F2C5FCF2A46B6620066E813 /* Constants */ = {
			isa = PBXGroup;
			children = (
			);
			path = Constants;
			sourceTree = "<group>";
		};
		6F2C5FD22A46B71A0066E813 /* Network */ = {
			isa = PBXGroup;
			children = (
				6F2C5FD02A46B6B60066E813 /* APIManager.swift */,
			);
			path = Network;
			sourceTree = "<group>";
		};
		6F2C5FDB2A46BEF20066E813 /* Extentions */ = {
			isa = PBXGroup;
			children = (
				6F2C5FDC2A46BEFC0066E813 /* UIImageView+Extension.swift */,
			);
			path = Extentions;
			sourceTree = "<group>";
		};
		6F2C5FDE2A46BF9C0066E813 /* Home */ = {
			isa = PBXGroup;
			children = (
				6F2C5F992A46B3C60066E813 /* HomeViewController.swift */,
				6FCEC3892A4736D0005F06AA /* HomeViewModel.swift */,
			);
			path = Home;
			sourceTree = "<group>";
		};
		6F2C5FE12A46C1BD0066E813 /* RESTManagers */ = {
			isa = PBXGroup;
			children = (
				6F2C5FE42A46C2AD0066E813 /* GetPhotos */,
			);
			path = RESTManagers;
			sourceTree = "<group>";
		};
		6F2C5FE22A46C23D0066E813 /* CoreData */ = {
			isa = PBXGroup;
			children = (
				6F070F8E2A48118B00C9155E /* picturescache.xcdatamodeld */,
			);
			path = CoreData;
			sourceTree = "<group>";
		};
		6F2C5FE32A46C2780066E813 /* Managers */ = {
			isa = PBXGroup;
			children = (
				6F2C5FF82A46E89F0066E813 /* CURDManager */,
				6F2C5FE12A46C1BD0066E813 /* RESTManagers */,
			);
			path = Managers;
			sourceTree = "<group>";
		};
		6F2C5FE42A46C2AD0066E813 /* GetPhotos */ = {
			isa = PBXGroup;
			children = (
				6F2C5FE52A46C2C40066E813 /* PhotosEndPoints.swift */,
				6F2C5FE72A46C2D20066E813 /* PhotosRestManager.swift */,
			);
			path = GetPhotos;
			sourceTree = "<group>";
		};
		6F2C5FE92A46C3A10066E813 /* Helper */ = {
			isa = PBXGroup;
			children = (
				6F2C5FEA2A46C3AD0066E813 /* Observable.swift */,
				6F00F3442A4834D6006CE7FF /* StoryBoardHelper.swift */,
			);
			path = Helper;
			sourceTree = "<group>";
		};
		6F2C5FEC2A46C5720066E813 /* URL+Keys */ = {
			isa = PBXGroup;
			children = (
				6F2C5FED2A46C5860066E813 /* Keys.plist */,
				6F2C5FF12A46C5A70066E813 /* URLs.plist */,
				6F2C5FEF2A46C59B0066E813 /* Keys+URL_Manager.swift */,
			);
			path = "URL+Keys";
			sourceTree = "<group>";
		};
		6F2C5FF82A46E89F0066E813 /* CURDManager */ = {
			isa = PBXGroup;
			children = (
				6F2C5FF92A46E8BD0066E813 /* CURDManager.swift */,
			);
			path = CURDManager;
			sourceTree = "<group>";
		};
		6FBEA9B12A48033800A446C7 /* CoreDataModels */ = {
			isa = PBXGroup;
			children = (
				6F00F3462A483F5B006CE7FF /* Entity+CoreDataClass.swift */,
				6F00F3472A483F5B006CE7FF /* Entity+CoreDataProperties.swift */,
			);
			path = CoreDataModels;
			sourceTree = "<group>";
		};
		6FCEC38B2A473A3B005F06AA /* Cells */ = {
			isa = PBXGroup;
			children = (
				6FCEC38E2A473A7F005F06AA /* PhotoCollectionViewCell.swift */,
			);
			path = Cells;
			sourceTree = "<group>";
		};
/* End PBXGroup section */

/* Begin PBXNativeTarget section */
		6F2C5F912A46B3C60066E813 /* interviewTestApp */ = {
			isa = PBXNativeTarget;
			buildConfigurationList = 6F2C5FBF2A46B3C70066E813 /* Build configuration list for PBXNativeTarget "interviewTestApp" */;
			buildPhases = (
				6F2C5F8E2A46B3C60066E813 /* Sources */,
				6F2C5F8F2A46B3C60066E813 /* Frameworks */,
				6F2C5F902A46B3C60066E813 /* Resources */,
			);
			buildRules = (
			);
			dependencies = (
			);
			name = interviewTestApp;
			packageProductDependencies = (
				6F2C5FD92A46BEC90066E813 /* Kingfisher */,
			);
			productName = moviedb;
			productReference = 6F2C5F922A46B3C60066E813 /* interviewTestApp.app */;
			productType = "com.apple.product-type.application";
		};
		6F2C5FAA2A46B3C70066E813 /* interviewTestAppTests */ = {
			isa = PBXNativeTarget;
			buildConfigurationList = 6F2C5FC22A46B3C70066E813 /* Build configuration list for PBXNativeTarget "interviewTestAppTests" */;
			buildPhases = (
				6F2C5FA72A46B3C70066E813 /* Sources */,
				6F2C5FA82A46B3C70066E813 /* Frameworks */,
				6F2C5FA92A46B3C70066E813 /* Resources */,
			);
			buildRules = (
			);
			dependencies = (
				6F2C5FAD2A46B3C70066E813 /* PBXTargetDependency */,
			);
			name = interviewTestAppTests;
			productName = moviedbTests;
			productReference = 6F2C5FAB2A46B3C70066E813 /* interviewTestAppTests.xctest */;
			productType = "com.apple.product-type.bundle.unit-test";
		};
		6F2C5FB42A46B3C70066E813 /* interviewTestAppUITests */ = {
			isa = PBXNativeTarget;
			buildConfigurationList = 6F2C5FC52A46B3C70066E813 /* Build configuration list for PBXNativeTarget "interviewTestAppUITests" */;
			buildPhases = (
				6F2C5FB12A46B3C70066E813 /* Sources */,
				6F2C5FB22A46B3C70066E813 /* Frameworks */,
				6F2C5FB32A46B3C70066E813 /* Resources */,
			);
			buildRules = (
			);
			dependencies = (
				6F2C5FB72A46B3C70066E813 /* PBXTargetDependency */,
			);
			name = interviewTestAppUITests;
			productName = moviedbUITests;
			productReference = 6F2C5FB52A46B3C70066E813 /* interviewTestAppUITests.xctest */;
			productType = "com.apple.product-type.bundle.ui-testing";
		};
/* End PBXNativeTarget section */

/* Begin PBXProject section */
		6F2C5F8A2A46B3C60066E813 /* Project object */ = {
			isa = PBXProject;
			attributes = {
				BuildIndependentTargetsInParallel = 1;
				LastSwiftUpdateCheck = 1430;
				LastUpgradeCheck = 1430;
				TargetAttributes = {
					6F2C5F912A46B3C60066E813 = {
						CreatedOnToolsVersion = 14.3.1;
					};
					6F2C5FAA2A46B3C70066E813 = {
						CreatedOnToolsVersion = 14.3.1;
						TestTargetID = 6F2C5F912A46B3C60066E813;
					};
					6F2C5FB42A46B3C70066E813 = {
						CreatedOnToolsVersion = 14.3.1;
						TestTargetID = 6F2C5F912A46B3C60066E813;
					};
				};
			};
			buildConfigurationList = 6F2C5F8D2A46B3C60066E813 /* Build configuration list for PBXProject "interviewTestApp" */;
			compatibilityVersion = "Xcode 14.0";
			developmentRegion = en;
			hasScannedForEncodings = 0;
			knownRegions = (
				en,
				Base,
			);
			mainGroup = 6F2C5F892A46B3C60066E813;
			packageReferences = (
				6F2C5FD82A46BEC80066E813 /* XCRemoteSwiftPackageReference "Kingfisher" */,
			);
			productRefGroup = 6F2C5F932A46B3C60066E813 /* Products */;
			projectDirPath = "";
			projectRoot = "";
			targets = (
				6F2C5F912A46B3C60066E813 /* interviewTestApp */,
				6F2C5FAA2A46B3C70066E813 /* interviewTestAppTests */,
				6F2C5FB42A46B3C70066E813 /* interviewTestAppUITests */,
			);
		};
/* End PBXProject section */

/* Begin PBXResourcesBuildPhase section */
		6F2C5F902A46B3C60066E813 /* Resources */ = {
			isa = PBXResourcesBuildPhase;
			buildActionMask = 2147483647;
			files = (
				6F2C5FF22A46C5A70066E813 /* URLs.plist in Resources */,
				6F2C5FEE2A46C5860066E813 /* Keys.plist in Resources */,
				6F2C5FA52A46B3C70066E813 /* LaunchScreen.storyboard in Resources */,
				6F2C5FA22A46B3C70066E813 /* Assets.xcassets in Resources */,
				6F2C5F9D2A46B3C60066E813 /* Main.storyboard in Resources */,
			);
			runOnlyForDeploymentPostprocessing = 0;
		};
		6F2C5FA92A46B3C70066E813 /* Resources */ = {
			isa = PBXResourcesBuildPhase;
			buildActionMask = 2147483647;
			files = (
			);
			runOnlyForDeploymentPostprocessing = 0;
		};
		6F2C5FB32A46B3C70066E813 /* Resources */ = {
			isa = PBXResourcesBuildPhase;
			buildActionMask = 2147483647;
			files = (
			);
			runOnlyForDeploymentPostprocessing = 0;
		};
/* End PBXResourcesBuildPhase section */

/* Begin PBXSourcesBuildPhase section */
		6F2C5F8E2A46B3C60066E813 /* Sources */ = {
			isa = PBXSourcesBuildPhase;
			buildActionMask = 2147483647;
			files = (
				6F00F3452A4834D6006CE7FF /* StoryBoardHelper.swift in Sources */,
				6F2C5FE02A46C15A0066E813 /* Photos.swift in Sources */,
				6F2C5FD72A46B7790066E813 /* CustomErrors.swift in Sources */,
				6F2C5F9A2A46B3C60066E813 /* HomeViewController.swift in Sources */,
				6F2C5FE82A46C2D20066E813 /* PhotosRestManager.swift in Sources */,
				6F00F3492A483F5B006CE7FF /* Entity+CoreDataProperties.swift in Sources */,
				6F2C5FFA2A46E8BD0066E813 /* CURDManager.swift in Sources */,
				6F2C5FDD2A46BEFC0066E813 /* UIImageView+Extension.swift in Sources */,
				6F00F3432A483250006CE7FF /* DetailsViewModel.swift in Sources */,
				6F2C5FEB2A46C3AD0066E813 /* Observable.swift in Sources */,
				6F2C5FD12A46B6B60066E813 /* APIManager.swift in Sources */,
				6FCEC3902A473A7F005F06AA /* PhotoCollectionViewCell.swift in Sources */,
				6F2C5F962A46B3C60066E813 /* AppDelegate.swift in Sources */,
				6F2C5FD52A46B7440066E813 /* EndPoints.swift in Sources */,
				6F00F3412A483245006CE7FF /* DetailsViewController.swift in Sources */,
				6F070F902A48118B00C9155E /* picturescache.xcdatamodeld in Sources */,
				6F2C5F982A46B3C60066E813 /* SceneDelegate.swift in Sources */,
				6F2C5FE62A46C2C40066E813 /* PhotosEndPoints.swift in Sources */,
				6FCEC38A2A4736D0005F06AA /* HomeViewModel.swift in Sources */,
				6F00F3482A483F5B006CE7FF /* Entity+CoreDataClass.swift in Sources */,
				6F2C5FF02A46C59B0066E813 /* Keys+URL_Manager.swift in Sources */,
			);
			runOnlyForDeploymentPostprocessing = 0;
		};
		6F2C5FA72A46B3C70066E813 /* Sources */ = {
			isa = PBXSourcesBuildPhase;
			buildActionMask = 2147483647;
			files = (
				6F2C5FB02A46B3C70066E813 /* moviedbTests.swift in Sources */,
			);
			runOnlyForDeploymentPostprocessing = 0;
		};
		6F2C5FB12A46B3C70066E813 /* Sources */ = {
			isa = PBXSourcesBuildPhase;
			buildActionMask = 2147483647;
			files = (
				6F2C5FBA2A46B3C70066E813 /* moviedbUITests.swift in Sources */,
				6F2C5FBC2A46B3C70066E813 /* moviedbUITestsLaunchTests.swift in Sources */,
			);
			runOnlyForDeploymentPostprocessing = 0;
		};
/* End PBXSourcesBuildPhase section */

/* Begin PBXTargetDependency section */
		6F2C5FAD2A46B3C70066E813 /* PBXTargetDependency */ = {
			isa = PBXTargetDependency;
			target = 6F2C5F912A46B3C60066E813 /* interviewTestApp */;
			targetProxy = 6F2C5FAC2A46B3C70066E813 /* PBXContainerItemProxy */;
		};
		6F2C5FB72A46B3C70066E813 /* PBXTargetDependency */ = {
			isa = PBXTargetDependency;
			target = 6F2C5F912A46B3C60066E813 /* interviewTestApp */;
			targetProxy = 6F2C5FB62A46B3C70066E813 /* PBXContainerItemProxy */;
		};
/* End PBXTargetDependency section */

/* Begin PBXVariantGroup section */
		6F2C5F9B2A46B3C60066E813 /* Main.storyboard */ = {
			isa = PBXVariantGroup;
			children = (
				6F2C5F9C2A46B3C60066E813 /* Base */,
			);
			name = Main.storyboard;
			sourceTree = "<group>";
		};
		6F2C5FA32A46B3C70066E813 /* LaunchScreen.storyboard */ = {
			isa = PBXVariantGroup;
			children = (
				6F2C5FA42A46B3C70066E813 /* Base */,
			);
			name = LaunchScreen.storyboard;
			sourceTree = "<group>";
		};
/* End PBXVariantGroup section */

/* Begin XCBuildConfiguration section */
		6F2C5FBD2A46B3C70066E813 /* Debug */ = {
			isa = XCBuildConfiguration;
			buildSettings = {
				ALWAYS_SEARCH_USER_PATHS = NO;
				CLANG_ANALYZER_NONNULL = YES;
				CLANG_ANALYZER_NUMBER_OBJECT_CONVERSION = YES_AGGRESSIVE;
				CLANG_CXX_LANGUAGE_STANDARD = "gnu++20";
				CLANG_ENABLE_MODULES = YES;
				CLANG_ENABLE_OBJC_ARC = YES;
				CLANG_ENABLE_OBJC_WEAK = YES;
				CLANG_WARN_BLOCK_CAPTURE_AUTORELEASING = YES;
				CLANG_WARN_BOOL_CONVERSION = YES;
				CLANG_WARN_COMMA = YES;
				CLANG_WARN_CONSTANT_CONVERSION = YES;
				CLANG_WARN_DEPRECATED_OBJC_IMPLEMENTATIONS = YES;
				CLANG_WARN_DIRECT_OBJC_ISA_USAGE = YES_ERROR;
				CLANG_WARN_DOCUMENTATION_COMMENTS = YES;
				CLANG_WARN_EMPTY_BODY = YES;
				CLANG_WARN_ENUM_CONVERSION = YES;
				CLANG_WARN_INFINITE_RECURSION = YES;
				CLANG_WARN_INT_CONVERSION = YES;
				CLANG_WARN_NON_LITERAL_NULL_CONVERSION = YES;
				CLANG_WARN_OBJC_IMPLICIT_RETAIN_SELF = YES;
				CLANG_WARN_OBJC_LITERAL_CONVERSION = YES;
				CLANG_WARN_OBJC_ROOT_CLASS = YES_ERROR;
				CLANG_WARN_QUOTED_INCLUDE_IN_FRAMEWORK_HEADER = YES;
				CLANG_WARN_RANGE_LOOP_ANALYSIS = YES;
				CLANG_WARN_STRICT_PROTOTYPES = YES;
				CLANG_WARN_SUSPICIOUS_MOVE = YES;
				CLANG_WARN_UNGUARDED_AVAILABILITY = YES_AGGRESSIVE;
				CLANG_WARN_UNREACHABLE_CODE = YES;
				CLANG_WARN__DUPLICATE_METHOD_MATCH = YES;
				COPY_PHASE_STRIP = NO;
				DEBUG_INFORMATION_FORMAT = dwarf;
				ENABLE_STRICT_OBJC_MSGSEND = YES;
				ENABLE_TESTABILITY = YES;
				GCC_C_LANGUAGE_STANDARD = gnu11;
				GCC_DYNAMIC_NO_PIC = NO;
				GCC_NO_COMMON_BLOCKS = YES;
				GCC_OPTIMIZATION_LEVEL = 0;
				GCC_PREPROCESSOR_DEFINITIONS = (
					"DEBUG=1",
					"$(inherited)",
				);
				GCC_WARN_64_TO_32_BIT_CONVERSION = YES;
				GCC_WARN_ABOUT_RETURN_TYPE = YES_ERROR;
				GCC_WARN_UNDECLARED_SELECTOR = YES;
				GCC_WARN_UNINITIALIZED_AUTOS = YES_AGGRESSIVE;
				GCC_WARN_UNUSED_FUNCTION = YES;
				GCC_WARN_UNUSED_VARIABLE = YES;
				IPHONEOS_DEPLOYMENT_TARGET = 16.4;
				MTL_ENABLE_DEBUG_INFO = INCLUDE_SOURCE;
				MTL_FAST_MATH = YES;
				ONLY_ACTIVE_ARCH = YES;
				SDKROOT = iphoneos;
				SWIFT_ACTIVE_COMPILATION_CONDITIONS = DEBUG;
				SWIFT_OPTIMIZATION_LEVEL = "-Onone";
			};
			name = Debug;
		};
		6F2C5FBE2A46B3C70066E813 /* Release */ = {
			isa = XCBuildConfiguration;
			buildSettings = {
				ALWAYS_SEARCH_USER_PATHS = NO;
				CLANG_ANALYZER_NONNULL = YES;
				CLANG_ANALYZER_NUMBER_OBJECT_CONVERSION = YES_AGGRESSIVE;
				CLANG_CXX_LANGUAGE_STANDARD = "gnu++20";
				CLANG_ENABLE_MODULES = YES;
				CLANG_ENABLE_OBJC_ARC = YES;
				CLANG_ENABLE_OBJC_WEAK = YES;
				CLANG_WARN_BLOCK_CAPTURE_AUTORELEASING = YES;
				CLANG_WARN_BOOL_CONVERSION = YES;
				CLANG_WARN_COMMA = YES;
				CLANG_WARN_CONSTANT_CONVERSION = YES;
				CLANG_WARN_DEPRECATED_OBJC_IMPLEMENTATIONS = YES;
				CLANG_WARN_DIRECT_OBJC_ISA_USAGE = YES_ERROR;
				CLANG_WARN_DOCUMENTATION_COMMENTS = YES;
				CLANG_WARN_EMPTY_BODY = YES;
				CLANG_WARN_ENUM_CONVERSION = YES;
				CLANG_WARN_INFINITE_RECURSION = YES;
				CLANG_WARN_INT_CONVERSION = YES;
				CLANG_WARN_NON_LITERAL_NULL_CONVERSION = YES;
				CLANG_WARN_OBJC_IMPLICIT_RETAIN_SELF = YES;
				CLANG_WARN_OBJC_LITERAL_CONVERSION = YES;
				CLANG_WARN_OBJC_ROOT_CLASS = YES_ERROR;
				CLANG_WARN_QUOTED_INCLUDE_IN_FRAMEWORK_HEADER = YES;
				CLANG_WARN_RANGE_LOOP_ANALYSIS = YES;
				CLANG_WARN_STRICT_PROTOTYPES = YES;
				CLANG_WARN_SUSPICIOUS_MOVE = YES;
				CLANG_WARN_UNGUARDED_AVAILABILITY = YES_AGGRESSIVE;
				CLANG_WARN_UNREACHABLE_CODE = YES;
				CLANG_WARN__DUPLICATE_METHOD_MATCH = YES;
				COPY_PHASE_STRIP = NO;
				DEBUG_INFORMATION_FORMAT = "dwarf-with-dsym";
				ENABLE_NS_ASSERTIONS = NO;
				ENABLE_STRICT_OBJC_MSGSEND = YES;
				GCC_C_LANGUAGE_STANDARD = gnu11;
				GCC_NO_COMMON_BLOCKS = YES;
				GCC_WARN_64_TO_32_BIT_CONVERSION = YES;
				GCC_WARN_ABOUT_RETURN_TYPE = YES_ERROR;
				GCC_WARN_UNDECLARED_SELECTOR = YES;
				GCC_WARN_UNINITIALIZED_AUTOS = YES_AGGRESSIVE;
				GCC_WARN_UNUSED_FUNCTION = YES;
				GCC_WARN_UNUSED_VARIABLE = YES;
				IPHONEOS_DEPLOYMENT_TARGET = 16.4;
				MTL_ENABLE_DEBUG_INFO = NO;
				MTL_FAST_MATH = YES;
				SDKROOT = iphoneos;
				SWIFT_COMPILATION_MODE = wholemodule;
				SWIFT_OPTIMIZATION_LEVEL = "-O";
				VALIDATE_PRODUCT = YES;
			};
			name = Release;
		};
		6F2C5FC02A46B3C70066E813 /* Debug */ = {
			isa = XCBuildConfiguration;
			buildSettings = {
				ASSETCATALOG_COMPILER_APPICON_NAME = AppIcon;
				ASSETCATALOG_COMPILER_GLOBAL_ACCENT_COLOR_NAME = AccentColor;
				CODE_SIGN_STYLE = Automatic;
				CURRENT_PROJECT_VERSION = 1;
				DEVELOPMENT_TEAM = X5FZ62RK6S;
				GENERATE_INFOPLIST_FILE = YES;
				INFOPLIST_FILE = interviewTestApp/Resources/Info.plist;
				INFOPLIST_KEY_UIApplicationSupportsIndirectInputEvents = YES;
				INFOPLIST_KEY_UILaunchStoryboardName = LaunchScreen;
				INFOPLIST_KEY_UIMainStoryboardFile = Main;
				INFOPLIST_KEY_UISupportedInterfaceOrientations_iPad = "UIInterfaceOrientationPortrait UIInterfaceOrientationPortraitUpsideDown UIInterfaceOrientationLandscapeLeft UIInterfaceOrientationLandscapeRight";
				INFOPLIST_KEY_UISupportedInterfaceOrientations_iPhone = "UIInterfaceOrientationPortrait UIInterfaceOrientationLandscapeLeft UIInterfaceOrientationLandscapeRight";
				LD_RUNPATH_SEARCH_PATHS = (
					"$(inherited)",
					"@executable_path/Frameworks",
				);
				MARKETING_VERSION = 1.0;
				PRODUCT_BUNDLE_IDENTIFIER = com.rashed.moviedb;
				PRODUCT_NAME = "$(TARGET_NAME)";
				SWIFT_EMIT_LOC_STRINGS = YES;
				SWIFT_VERSION = 5.0;
				TARGETED_DEVICE_FAMILY = "1,2";
			};
			name = Debug;
		};
		6F2C5FC12A46B3C70066E813 /* Release */ = {
			isa = XCBuildConfiguration;
			buildSettings = {
				ASSETCATALOG_COMPILER_APPICON_NAME = AppIcon;
				ASSETCATALOG_COMPILER_GLOBAL_ACCENT_COLOR_NAME = AccentColor;
				CODE_SIGN_STYLE = Automatic;
				CURRENT_PROJECT_VERSION = 1;
				DEVELOPMENT_TEAM = X5FZ62RK6S;
				GENERATE_INFOPLIST_FILE = YES;
				INFOPLIST_FILE = interviewTestApp/Resources/Info.plist;
				INFOPLIST_KEY_UIApplicationSupportsIndirectInputEvents = YES;
				INFOPLIST_KEY_UILaunchStoryboardName = LaunchScreen;
				INFOPLIST_KEY_UIMainStoryboardFile = Main;
				INFOPLIST_KEY_UISupportedInterfaceOrientations_iPad = "UIInterfaceOrientationPortrait UIInterfaceOrientationPortraitUpsideDown UIInterfaceOrientationLandscapeLeft UIInterfaceOrientationLandscapeRight";
				INFOPLIST_KEY_UISupportedInterfaceOrientations_iPhone = "UIInterfaceOrientationPortrait UIInterfaceOrientationLandscapeLeft UIInterfaceOrientationLandscapeRight";
				LD_RUNPATH_SEARCH_PATHS = (
					"$(inherited)",
					"@executable_path/Frameworks",
				);
				MARKETING_VERSION = 1.0;
				PRODUCT_BUNDLE_IDENTIFIER = com.rashed.moviedb;
				PRODUCT_NAME = "$(TARGET_NAME)";
				SWIFT_EMIT_LOC_STRINGS = YES;
				SWIFT_VERSION = 5.0;
				TARGETED_DEVICE_FAMILY = "1,2";
			};
			name = Release;
		};
		6F2C5FC32A46B3C70066E813 /* Debug */ = {
			isa = XCBuildConfiguration;
			buildSettings = {
				ALWAYS_EMBED_SWIFT_STANDARD_LIBRARIES = YES;
				BUNDLE_LOADER = "$(TEST_HOST)";
				CODE_SIGN_STYLE = Automatic;
				CURRENT_PROJECT_VERSION = 1;
				DEVELOPMENT_TEAM = X5FZ62RK6S;
				GENERATE_INFOPLIST_FILE = YES;
				IPHONEOS_DEPLOYMENT_TARGET = 16.4;
				MARKETING_VERSION = 1.0;
				PRODUCT_BUNDLE_IDENTIFIER = com.rashed.moviedbTests;
				PRODUCT_NAME = "$(TARGET_NAME)";
				SWIFT_EMIT_LOC_STRINGS = NO;
				SWIFT_VERSION = 5.0;
				TARGETED_DEVICE_FAMILY = "1,2";
				TEST_HOST = "$(BUILT_PRODUCTS_DIR)/interviewTestApp.app/$(BUNDLE_EXECUTABLE_FOLDER_PATH)/interviewTestApp";
			};
			name = Debug;
		};
		6F2C5FC42A46B3C70066E813 /* Release */ = {
			isa = XCBuildConfiguration;
			buildSettings = {
				ALWAYS_EMBED_SWIFT_STANDARD_LIBRARIES = YES;
				BUNDLE_LOADER = "$(TEST_HOST)";
				CODE_SIGN_STYLE = Automatic;
				CURRENT_PROJECT_VERSION = 1;
				DEVELOPMENT_TEAM = X5FZ62RK6S;
				GENERATE_INFOPLIST_FILE = YES;
				IPHONEOS_DEPLOYMENT_TARGET = 16.4;
				MARKETING_VERSION = 1.0;
				PRODUCT_BUNDLE_IDENTIFIER = com.rashed.moviedbTests;
				PRODUCT_NAME = "$(TARGET_NAME)";
				SWIFT_EMIT_LOC_STRINGS = NO;
				SWIFT_VERSION = 5.0;
				TARGETED_DEVICE_FAMILY = "1,2";
				TEST_HOST = "$(BUILT_PRODUCTS_DIR)/interviewTestApp.app/$(BUNDLE_EXECUTABLE_FOLDER_PATH)/interviewTestApp";
			};
			name = Release;
		};
		6F2C5FC62A46B3C70066E813 /* Debug */ = {
			isa = XCBuildConfiguration;
			buildSettings = {
				ALWAYS_EMBED_SWIFT_STANDARD_LIBRARIES = YES;
				CODE_SIGN_STYLE = Automatic;
				CURRENT_PROJECT_VERSION = 1;
				DEVELOPMENT_TEAM = X5FZ62RK6S;
				GENERATE_INFOPLIST_FILE = YES;
				MARKETING_VERSION = 1.0;
				PRODUCT_BUNDLE_IDENTIFIER = com.rashed.moviedbUITests;
				PRODUCT_NAME = "$(TARGET_NAME)";
				SWIFT_EMIT_LOC_STRINGS = NO;
				SWIFT_VERSION = 5.0;
				TARGETED_DEVICE_FAMILY = "1,2";
				TEST_TARGET_NAME = moviedb;
			};
			name = Debug;
		};
		6F2C5FC72A46B3C70066E813 /* Release */ = {
			isa = XCBuildConfiguration;
			buildSettings = {
				ALWAYS_EMBED_SWIFT_STANDARD_LIBRARIES = YES;
				CODE_SIGN_STYLE = Automatic;
				CURRENT_PROJECT_VERSION = 1;
				DEVELOPMENT_TEAM = X5FZ62RK6S;
				GENERATE_INFOPLIST_FILE = YES;
				MARKETING_VERSION = 1.0;
				PRODUCT_BUNDLE_IDENTIFIER = com.rashed.moviedbUITests;
				PRODUCT_NAME = "$(TARGET_NAME)";
				SWIFT_EMIT_LOC_STRINGS = NO;
				SWIFT_VERSION = 5.0;
				TARGETED_DEVICE_FAMILY = "1,2";
				TEST_TARGET_NAME = moviedb;
			};
			name = Release;
		};
/* End XCBuildConfiguration section */

/* Begin XCConfigurationList section */
		6F2C5F8D2A46B3C60066E813 /* Build configuration list for PBXProject "interviewTestApp" */ = {
			isa = XCConfigurationList;
			buildConfigurations = (
				6F2C5FBD2A46B3C70066E813 /* Debug */,
				6F2C5FBE2A46B3C70066E813 /* Release */,
			);
			defaultConfigurationIsVisible = 0;
			defaultConfigurationName = Release;
		};
		6F2C5FBF2A46B3C70066E813 /* Build configuration list for PBXNativeTarget "interviewTestApp" */ = {
			isa = XCConfigurationList;
			buildConfigurations = (
				6F2C5FC02A46B3C70066E813 /* Debug */,
				6F2C5FC12A46B3C70066E813 /* Release */,
			);
			defaultConfigurationIsVisible = 0;
			defaultConfigurationName = Release;
		};
		6F2C5FC22A46B3C70066E813 /* Build configuration list for PBXNativeTarget "interviewTestAppTests" */ = {
			isa = XCConfigurationList;
			buildConfigurations = (
				6F2C5FC32A46B3C70066E813 /* Debug */,
				6F2C5FC42A46B3C70066E813 /* Release */,
			);
			defaultConfigurationIsVisible = 0;
			defaultConfigurationName = Release;
		};
		6F2C5FC52A46B3C70066E813 /* Build configuration list for PBXNativeTarget "interviewTestAppUITests" */ = {
			isa = XCConfigurationList;
			buildConfigurations = (
				6F2C5FC62A46B3C70066E813 /* Debug */,
				6F2C5FC72A46B3C70066E813 /* Release */,
			);
			defaultConfigurationIsVisible = 0;
			defaultConfigurationName = Release;
		};
/* End XCConfigurationList section */

/* Begin XCRemoteSwiftPackageReference section */
		6F2C5FD82A46BEC80066E813 /* XCRemoteSwiftPackageReference "Kingfisher" */ = {
			isa = XCRemoteSwiftPackageReference;
			repositoryURL = "https://github.com/onevcat/Kingfisher.git";
			requirement = {
				kind = upToNextMajorVersion;
				minimumVersion = 7.0.0;
			};
		};
/* End XCRemoteSwiftPackageReference section */

/* Begin XCSwiftPackageProductDependency section */
		6F2C5FD92A46BEC90066E813 /* Kingfisher */ = {
			isa = XCSwiftPackageProductDependency;
			package = 6F2C5FD82A46BEC80066E813 /* XCRemoteSwiftPackageReference "Kingfisher" */;
			productName = Kingfisher;
		};
/* End XCSwiftPackageProductDependency section */

/* Begin XCVersionGroup section */
		6F070F8E2A48118B00C9155E /* picturescache.xcdatamodeld */ = {
			isa = XCVersionGroup;
			children = (
				6F070F8F2A48118B00C9155E /* Model.xcdatamodel */,
			);
			currentVersion = 6F070F8F2A48118B00C9155E /* Model.xcdatamodel */;
			path = picturescache.xcdatamodeld;
			sourceTree = "<group>";
			versionGroupType = wrapper.xcdatamodel;
		};
/* End XCVersionGroup section */
	};
	rootObject = 6F2C5F8A2A46B3C60066E813 /* Project object */;
}
